
Microsoft Visual Studio Solution File, Format Version 12.00
# Visual Studio Version 16
VisualStudioVersion = 16.0.31410.357
MinimumVisualStudioVersion = 10.0.40219.1
Project("{FAE04EC0-301F-11D3-BF4B-00C04F79EFBC}") = "HRS", "HRS\HRS.csproj", "{CB525F5A-C4B2-467B-BAD3-1EE111F57074}"
EndProject
Global
	GlobalSection(SolutionConfigurationPlatforms) = preSolution
		Debug|Any CPU = Debug|Any CPU
		Release|Any CPU = Release|Any CPU
	EndGlobalSection
	GlobalSection(ProjectConfigurationPlatforms) = postSolution
		{CB525F5A-C4B2-467B-BAD3-1EE111F57074}.Debug|Any CPU.ActiveCfg = Debug|Any CPU
		{CB525F5A-C4B2-467B-BAD3-1EE111F57074}.Debug|Any CPU.Build.0 = Debug|Any CPU
		{CB525F5A-C4B2-467B-BAD3-1EE111F57074}.Release|Any CPU.ActiveCfg = Release|Any CPU
		{CB525F5A-C4B2-467B-BAD3-1EE111F57074}.Release|Any CPU.Build.0 = Release|Any CPU
	EndGlobalSection
	GlobalSection(SolutionProperties) = preSolution
		HideSolutionNode = FALSE
	EndGlobalSection
	GlobalSection(ExtensibilityGlobals) = postSolution
		SolutionGuid = {035D1146-531E-4FE7-8799-9B559CC2DC19}
	EndGlobalSection
EndGlobal
